
Microsoft Visual Studio Solution File, Format Version 12.00
# Visual Studio 15
VisualStudioVersion = 15.0.28307.168
MinimumVisualStudioVersion = 10.0.40219.1
Project("{FAE04EC0-301F-11D3-BF4B-00C04F79EFBC}") = "DL444.ImgurUwp.App", "DL444.ImgurUwp.App\DL444.ImgurUwp.App.csproj", "{B470AD30-2C94-468C-9E02-BAA4E6BE7434}"
EndProject
Project("{9A19103F-16F7-4668-BE54-9A1E7A4F7556}") = "DL444.ImgurUwp.Models", "DL444.ImgurUwp.Models\DL444.ImgurUwp.Models.csproj", "{57C9E3BA-BE4F-4050-9FCB-F886DBA65BD8}"
EndProject
Project("{9A19103F-16F7-4668-BE54-9A1E7A4F7556}") = "DL444.ImgurUwp.ApiClient", "DL444.ImgurUwp.ApiClient\DL444.ImgurUwp.ApiClient.csproj", "{A92F5819-CDE1-4516-A7F3-2E9A93CB6314}"
EndProject
Project("{FAE04EC0-301F-11D3-BF4B-00C04F79EFBC}") = "DL444.ImgurUwp.TestConsole", "DL444.ImgurUwp.TestConsole\DL444.ImgurUwp.TestConsole.csproj", "{AE32DDAA-9AF7-41F4-AA60-7B6BCAFCA1E0}"
EndProject
Global
	GlobalSection(SolutionConfigurationPlatforms) = preSolution
		Debug|Any CPU = Debug|Any CPU
		Debug|ARM = Debug|ARM
		Debug|ARM64 = Debug|ARM64
		Debug|x64 = Debug|x64
		Debug|x86 = Debug|x86
		Release|Any CPU = Release|Any CPU
		Release|ARM = Release|ARM
		Release|ARM64 = Release|ARM64
		Release|x64 = Release|x64
		Release|x86 = Release|x86
	EndGlobalSection
	GlobalSection(ProjectConfigurationPlatforms) = postSolution
		{B470AD30-2C94-468C-9E02-BAA4E6BE7434}.Debug|Any CPU.ActiveCfg = Debug|x86
		{B470AD30-2C94-468C-9E02-BAA4E6BE7434}.Debug|ARM.ActiveCfg = Debug|ARM
		{B470AD30-2C94-468C-9E02-BAA4E6BE7434}.Debug|ARM.Build.0 = Debug|ARM
		{B470AD30-2C94-468C-9E02-BAA4E6BE7434}.Debug|ARM.Deploy.0 = Debug|ARM
		{B470AD30-2C94-468C-9E02-BAA4E6BE7434}.Debug|ARM64.ActiveCfg = Debug|ARM64
		{B470AD30-2C94-468C-9E02-BAA4E6BE7434}.Debug|ARM64.Build.0 = Debug|ARM64
		{B470AD30-2C94-468C-9E02-BAA4E6BE7434}.Debug|ARM64.Deploy.0 = Debug|ARM64
		{B470AD30-2C94-468C-9E02-BAA4E6BE7434}.Debug|x64.ActiveCfg = Debug|x64
		{B470AD30-2C94-468C-9E02-BAA4E6BE7434}.Debug|x64.Build.0 = Debug|x64
		{B470AD30-2C94-468C-9E02-BAA4E6BE7434}.Debug|x64.Deploy.0 = Debug|x64
		{B470AD30-2C94-468C-9E02-BAA4E6BE7434}.Debug|x86.ActiveCfg = Debug|x86
		{B470AD30-2C94-468C-9E02-BAA4E6BE7434}.Debug|x86.Build.0 = Debug|x86
		{B470AD30-2C94-468C-9E02-BAA4E6BE7434}.Debug|x86.Deploy.0 = Debug|x86
		{B470AD30-2C94-468C-9E02-BAA4E6BE7434}.Release|Any CPU.ActiveCfg = Release|x86
		{B470AD30-2C94-468C-9E02-BAA4E6BE7434}.Release|ARM.ActiveCfg = Release|ARM
		{B470AD30-2C94-468C-9E02-BAA4E6BE7434}.Release|ARM.Build.0 = Release|ARM
		{B470AD30-2C94-468C-9E02-BAA4E6BE7434}.Release|ARM.Deploy.0 = Release|ARM
		{B470AD30-2C94-468C-9E02-BAA4E6BE7434}.Release|ARM64.ActiveCfg = Release|ARM64
		{B470AD30-2C94-468C-9E02-BAA4E6BE7434}.Release|ARM64.Build.0 = Release|ARM64
		{B470AD30-2C94-468C-9E02-BAA4E6BE7434}.Release|ARM64.Deploy.0 = Release|ARM64
		{B470AD30-2C94-468C-9E02-BAA4E6BE7434}.Release|x64.ActiveCfg = Release|x64
		{B470AD30-2C94-468C-9E02-BAA4E6BE7434}.Release|x64.Build.0 = Release|x64
		{B470AD30-2C94-468C-9E02-BAA4E6BE7434}.Release|x64.Deploy.0 = Release|x64
		{B470AD30-2C94-468C-9E02-BAA4E6BE7434}.Release|x86.ActiveCfg = Release|x86
		{B470AD30-2C94-468C-9E02-BAA4E6BE7434}.Release|x86.Build.0 = Release|x86
		{B470AD30-2C94-468C-9E02-BAA4E6BE7434}.Release|x86.Deploy.0 = Release|x86
		{57C9E3BA-BE4F-4050-9FCB-F886DBA65BD8}.Debug|Any CPU.ActiveCfg = Debug|Any CPU
		{57C9E3BA-BE4F-4050-9FCB-F886DBA65BD8}.Debug|Any CPU.Build.0 = Debug|Any CPU
		{57C9E3BA-BE4F-4050-9FCB-F886DBA65BD8}.Debug|ARM.ActiveCfg = Debug|Any CPU
		{57C9E3BA-BE4F-4050-9FCB-F886DBA65BD8}.Debug|ARM.Build.0 = Debug|Any CPU
		{57C9E3BA-BE4F-4050-9FCB-F886DBA65BD8}.Debug|ARM64.ActiveCfg = Debug|Any CPU
		{57C9E3BA-BE4F-4050-9FCB-F886DBA65BD8}.Debug|ARM64.Build.0 = Debug|Any CPU
		{57C9E3BA-BE4F-4050-9FCB-F886DBA65BD8}.Debug|x64.ActiveCfg = Debug|Any CPU
		{57C9E3BA-BE4F-4050-9FCB-F886DBA65BD8}.Debug|x64.Build.0 = Debug|Any CPU
		{57C9E3BA-BE4F-4050-9FCB-F886DBA65BD8}.Debug|x86.ActiveCfg = Debug|Any CPU
		{57C9E3BA-BE4F-4050-9FCB-F886DBA65BD8}.Debug|x86.Build.0 = Debug|Any CPU
		{57C9E3BA-BE4F-4050-9FCB-F886DBA65BD8}.Release|Any CPU.ActiveCfg = Release|Any CPU
		{57C9E3BA-BE4F-4050-9FCB-F886DBA65BD8}.Release|Any CPU.Build.0 = Release|Any CPU
		{57C9E3BA-BE4F-4050-9FCB-F886DBA65BD8}.Release|ARM.ActiveCfg = Release|Any CPU
		{57C9E3BA-BE4F-4050-9FCB-F886DBA65BD8}.Release|ARM.Build.0 = Release|Any CPU
		{57C9E3BA-BE4F-4050-9FCB-F886DBA65BD8}.Release|ARM64.ActiveCfg = Release|Any CPU
		{57C9E3BA-BE4F-4050-9FCB-F886DBA65BD8}.Release|ARM64.Build.0 = Release|Any CPU
		{57C9E3BA-BE4F-4050-9FCB-F886DBA65BD8}.Release|x64.ActiveCfg = Release|Any CPU
		{57C9E3BA-BE4F-4050-9FCB-F886DBA65BD8}.Release|x64.Build.0 = Release|Any CPU
		{57C9E3BA-BE4F-4050-9FCB-F886DBA65BD8}.Release|x86.ActiveCfg = Release|Any CPU
		{57C9E3BA-BE4F-4050-9FCB-F886DBA65BD8}.Release|x86.Build.0 = Release|Any CPU
		{A92F5819-CDE1-4516-A7F3-2E9A93CB6314}.Debug|Any CPU.ActiveCfg = Debug|Any CPU
		{A92F5819-CDE1-4516-A7F3-2E9A93CB6314}.Debug|Any CPU.Build.0 = Debug|Any CPU
		{A92F5819-CDE1-4516-A7F3-2E9A93CB6314}.Debug|ARM.ActiveCfg = Debug|Any CPU
		{A92F5819-CDE1-4516-A7F3-2E9A93CB6314}.Debug|ARM.Build.0 = Debug|Any CPU
		{A92F5819-CDE1-4516-A7F3-2E9A93CB6314}.Debug|ARM64.ActiveCfg = Debug|Any CPU
		{A92F5819-CDE1-4516-A7F3-2E9A93CB6314}.Debug|ARM64.Build.0 = Debug|Any CPU
		{A92F5819-CDE1-4516-A7F3-2E9A93CB6314}.Debug|x64.ActiveCfg = Debug|Any CPU
		{A92F5819-CDE1-4516-A7F3-2E9A93CB6314}.Debug|x64.Build.0 = Debug|Any CPU
		{A92F5819-CDE1-4516-A7F3-2E9A93CB6314}.Debug|x86.ActiveCfg = Debug|Any CPU
		{A92F5819-CDE1-4516-A7F3-2E9A93CB6314}.Debug|x86.Build.0 = Debug|Any CPU
		{A92F5819-CDE1-4516-A7F3-2E9A93CB6314}.Release|Any CPU.ActiveCfg = Release|Any CPU
		{A92F5819-CDE1-4516-A7F3-2E9A93CB6314}.Release|Any CPU.Build.0 = Release|Any CPU
		{A92F5819-CDE1-4516-A7F3-2E9A93CB6314}.Release|ARM.ActiveCfg = Release|Any CPU
		{A92F5819-CDE1-4516-A7F3-2E9A93CB6314}.Release|ARM.Build.0 = Release|Any CPU
		{A92F5819-CDE1-4516-A7F3-2E9A93CB6314}.Release|ARM64.ActiveCfg = Release|Any CPU
		{A92F5819-CDE1-4516-A7F3-2E9A93CB6314}.Release|ARM64.Build.0 = Release|Any CPU
		{A92F5819-CDE1-4516-A7F3-2E9A93CB6314}.Release|x64.ActiveCfg = Release|Any CPU
		{A92F5819-CDE1-4516-A7F3-2E9A93CB6314}.Release|x64.Build.0 = Release|Any CPU
		{A92F5819-CDE1-4516-A7F3-2E9A93CB6314}.Release|x86.ActiveCfg = Release|Any CPU
		{A92F5819-CDE1-4516-A7F3-2E9A93CB6314}.Release|x86.Build.0 = Release|Any CPU
		{AE32DDAA-9AF7-41F4-AA60-7B6BCAFCA1E0}.Debug|Any CPU.ActiveCfg = Debug|Any CPU
		{AE32DDAA-9AF7-41F4-AA60-7B6BCAFCA1E0}.Debug|Any CPU.Build.0 = Debug|Any CPU
		{AE32DDAA-9AF7-41F4-AA60-7B6BCAFCA1E0}.Debug|ARM.ActiveCfg = Debug|Any CPU
		{AE32DDAA-9AF7-41F4-AA60-7B6BCAFCA1E0}.Debug|ARM.Build.0 = Debug|Any CPU
		{AE32DDAA-9AF7-41F4-AA60-7B6BCAFCA1E0}.Debug|ARM64.ActiveCfg = Debug|Any CPU
		{AE32DDAA-9AF7-41F4-AA60-7B6BCAFCA1E0}.Debug|ARM64.Build.0 = Debug|Any CPU
		{AE32DDAA-9AF7-41F4-AA60-7B6BCAFCA1E0}.Debug|x64.ActiveCfg = Debug|Any CPU
		{AE32DDAA-9AF7-41F4-AA60-7B6BCAFCA1E0}.Debug|x64.Build.0 = Debug|Any CPU
		{AE32DDAA-9AF7-41F4-AA60-7B6BCAFCA1E0}.Debug|x86.ActiveCfg = Debug|Any CPU
		{AE32DDAA-9AF7-41F4-AA60-7B6BCAFCA1E0}.Debug|x86.Build.0 = Debug|Any CPU
		{AE32DDAA-9AF7-41F4-AA60-7B6BCAFCA1E0}.Release|Any CPU.ActiveCfg = Release|Any CPU
		{AE32DDAA-9AF7-41F4-AA60-7B6BCAFCA1E0}.Release|Any CPU.Build.0 = Release|Any CPU
		{AE32DDAA-9AF7-41F4-AA60-7B6BCAFCA1E0}.Release|ARM.ActiveCfg = Release|Any CPU
		{AE32DDAA-9AF7-41F4-AA60-7B6BCAFCA1E0}.Release|ARM.Build.0 = Release|Any CPU
		{AE32DDAA-9AF7-41F4-AA60-7B6BCAFCA1E0}.Release|ARM64.ActiveCfg = Release|Any CPU
		{AE32DDAA-9AF7-41F4-AA60-7B6BCAFCA1E0}.Release|ARM64.Build.0 = Release|Any CPU
		{AE32DDAA-9AF7-41F4-AA60-7B6BCAFCA1E0}.Release|x64.ActiveCfg = Release|Any CPU
		{AE32DDAA-9AF7-41F4-AA60-7B6BCAFCA1E0}.Release|x64.Build.0 = Release|Any CPU
		{AE32DDAA-9AF7-41F4-AA60-7B6BCAFCA1E0}.Release|x86.ActiveCfg = Release|Any CPU
		{AE32DDAA-9AF7-41F4-AA60-7B6BCAFCA1E0}.Release|x86.Build.0 = Release|Any CPU
	EndGlobalSection
	GlobalSection(SolutionProperties) = preSolution
		HideSolutionNode = FALSE
	EndGlobalSection
	GlobalSection(ExtensibilityGlobals) = postSolution
		SolutionGuid = {61B333AA-449E-4DAE-8DD3-A754C5479CF9}
	EndGlobalSection
EndGlobal
